
Microsoft Visual Studio Solution File, Format Version 12.00
# Visual Studio 15
VisualStudioVersion = 15.0.28307.572
MinimumVisualStudioVersion = 10.0.40219.1
Project("{F14B399A-7131-4C87-9E4B-1186C45EF12D}") = "Fares List Implementation", "Fares List Implementation\Fares List Implementation.rptproj", "{CEFF76FB-4F3D-4734-BDFA-885406C2BC02}"
EndProject
Global
	GlobalSection(SolutionConfigurationPlatforms) = preSolution
		Debug|Default = Debug|Default
		DebugLocal|Default = DebugLocal|Default
		Release|Default = Release|Default
	EndGlobalSection
	GlobalSection(ProjectConfigurationPlatforms) = postSolution
		{CEFF76FB-4F3D-4734-BDFA-885406C2BC02}.Debug|Default.ActiveCfg = Debug
		{CEFF76FB-4F3D-4734-BDFA-885406C2BC02}.Debug|Default.Build.0 = Debug
		{CEFF76FB-4F3D-4734-BDFA-885406C2BC02}.Debug|Default.Deploy.0 = Debug
		{CEFF76FB-4F3D-4734-BDFA-885406C2BC02}.DebugLocal|Default.ActiveCfg = DebugLocal
		{CEFF76FB-4F3D-4734-BDFA-885406C2BC02}.DebugLocal|Default.Build.0 = DebugLocal
		{CEFF76FB-4F3D-4734-BDFA-885406C2BC02}.Release|Default.ActiveCfg = Release
		{CEFF76FB-4F3D-4734-BDFA-885406C2BC02}.Release|Default.Build.0 = Release
		{CEFF76FB-4F3D-4734-BDFA-885406C2BC02}.Release|Default.Deploy.0 = Release
	EndGlobalSection
	GlobalSection(SolutionProperties) = preSolution
		HideSolutionNode = FALSE
	EndGlobalSection
	GlobalSection(ExtensibilityGlobals) = postSolution
		SolutionGuid = {BB4AB412-648E-40AD-8285-3592AEA14C92}
	EndGlobalSection
EndGlobal
